
Microsoft Visual Studio Solution File, Format Version 12.00
# Visual Studio Version 17
VisualStudioVersion = 17.0.31903.59
MinimumVisualStudioVersion = 10.0.40219.1
Project("{FAE04EC0-301F-11D3-BF4B-00C04F79EFBC}") = "NutriVerify.Api", "NutriVerify.Api\NutriVerify.Api.csproj", "{C6171B36-0EF8-44F4-B3C4-91648E64A712}"
EndProject
Project("{FAE04EC0-301F-11D3-BF4B-00C04F79EFBC}") = "NutriVerify.Core", "NutriVerify.Core\NutriVerify.Core.csproj", "{BDFFB3E0-032B-4735-A974-7966C7834C5C}"
EndProject
Project("{FAE04EC0-301F-11D3-BF4B-00C04F79EFBC}") = "NutriVerify.Data", "NutriVerify.Data\NutriVerify.Data.csproj", "{41610314-75C7-43A8-9BDE-360EB67DD18F}"
EndProject
Global
	GlobalSection(SolutionConfigurationPlatforms) = preSolution
		Debug|Any CPU = Debug|Any CPU
		Release|Any CPU = Release|Any CPU
	EndGlobalSection
	GlobalSection(SolutionProperties) = preSolution
		HideSolutionNode = FALSE
	EndGlobalSection
	GlobalSection(ProjectConfigurationPlatforms) = postSolution
		{C6171B36-0EF8-44F4-B3C4-91648E64A712}.Debug|Any CPU.ActiveCfg = Debug|Any CPU
		{C6171B36-0EF8-44F4-B3C4-91648E64A712}.Debug|Any CPU.Build.0 = Debug|Any CPU
		{C6171B36-0EF8-44F4-B3C4-91648E64A712}.Release|Any CPU.ActiveCfg = Release|Any CPU
		{C6171B36-0EF8-44F4-B3C4-91648E64A712}.Release|Any CPU.Build.0 = Release|Any CPU
		{BDFFB3E0-032B-4735-A974-7966C7834C5C}.Debug|Any CPU.ActiveCfg = Debug|Any CPU
		{BDFFB3E0-032B-4735-A974-7966C7834C5C}.Debug|Any CPU.Build.0 = Debug|Any CPU
		{BDFFB3E0-032B-4735-A974-7966C7834C5C}.Release|Any CPU.ActiveCfg = Release|Any CPU
		{BDFFB3E0-032B-4735-A974-7966C7834C5C}.Release|Any CPU.Build.0 = Release|Any CPU
		{41610314-75C7-43A8-9BDE-360EB67DD18F}.Debug|Any CPU.ActiveCfg = Debug|Any CPU
		{41610314-75C7-43A8-9BDE-360EB67DD18F}.Debug|Any CPU.Build.0 = Debug|Any CPU
		{41610314-75C7-43A8-9BDE-360EB67DD18F}.Release|Any CPU.ActiveCfg = Release|Any CPU
		{41610314-75C7-43A8-9BDE-360EB67DD18F}.Release|Any CPU.Build.0 = Release|Any CPU
	EndGlobalSection
EndGlobal
